
Microsoft Visual Studio Solution File, Format Version 12.00
# Visual Studio 15
VisualStudioVersion = 15.0.28010.2046
MinimumVisualStudioVersion = 10.0.40219.1
Project("{FAE04EC0-301F-11D3-BF4B-00C04F79EFBC}") = "IpBlocker.Core", "src\IpBlocker.Core\IpBlocker.Core.csproj", "{098EAB3C-5ECC-4E7D-B126-A1253BCF5A55}"
EndProject
Project("{FAE04EC0-301F-11D3-BF4B-00C04F79EFBC}") = "IpBlocker.IpLocation.Maxmind", "src\IpBlocker.IpLocation.Maxmind\IpBlocker.IpLocation.Maxmind.csproj", "{0ACDDADD-50DA-4976-9FF2-2740C61F5B30}"
EndProject
Project("{FAE04EC0-301F-11D3-BF4B-00C04F79EFBC}") = "IpBlocker.MailEnable", "src\IpBlocker.MailEnable\IpBlocker.MailEnable.csproj", "{08DB589B-AF21-4E37-9769-F0AE8C6E2A2A}"
EndProject
Project("{FAE04EC0-301F-11D3-BF4B-00C04F79EFBC}") = "IpBlocker.SqlLite.Core", "src\IpBlocker.SqlLite.Core\IpBlocker.SqlLite.Core.csproj", "{4010307E-BC3E-451B-BD22-AE2530322609}"
EndProject
Project("{FAE04EC0-301F-11D3-BF4B-00C04F79EFBC}") = "IpBlocker.WindowsFirewall", "src\IpBlocker.WindowsFirewall\IpBlocker.WindowsFirewall.csproj", "{A067A427-7292-4061-A672-2478FA4DC361}"
EndProject
Project("{FAE04EC0-301F-11D3-BF4B-00C04F79EFBC}") = "IpBlocker", "src\IpBlocker\IpBlocker.csproj", "{541495C5-0BFF-445C-9775-FBBE58F2C7EE}"
EndProject
Global
	GlobalSection(SolutionConfigurationPlatforms) = preSolution
		Debug|Any CPU = Debug|Any CPU
		Release|Any CPU = Release|Any CPU
	EndGlobalSection
	GlobalSection(ProjectConfigurationPlatforms) = postSolution
		{098EAB3C-5ECC-4E7D-B126-A1253BCF5A55}.Debug|Any CPU.ActiveCfg = Debug|Any CPU
		{098EAB3C-5ECC-4E7D-B126-A1253BCF5A55}.Debug|Any CPU.Build.0 = Debug|Any CPU
		{098EAB3C-5ECC-4E7D-B126-A1253BCF5A55}.Release|Any CPU.ActiveCfg = Release|Any CPU
		{098EAB3C-5ECC-4E7D-B126-A1253BCF5A55}.Release|Any CPU.Build.0 = Release|Any CPU
		{0ACDDADD-50DA-4976-9FF2-2740C61F5B30}.Debug|Any CPU.ActiveCfg = Debug|Any CPU
		{0ACDDADD-50DA-4976-9FF2-2740C61F5B30}.Debug|Any CPU.Build.0 = Debug|Any CPU
		{0ACDDADD-50DA-4976-9FF2-2740C61F5B30}.Release|Any CPU.ActiveCfg = Release|Any CPU
		{0ACDDADD-50DA-4976-9FF2-2740C61F5B30}.Release|Any CPU.Build.0 = Release|Any CPU
		{08DB589B-AF21-4E37-9769-F0AE8C6E2A2A}.Debug|Any CPU.ActiveCfg = Debug|Any CPU
		{08DB589B-AF21-4E37-9769-F0AE8C6E2A2A}.Debug|Any CPU.Build.0 = Debug|Any CPU
		{08DB589B-AF21-4E37-9769-F0AE8C6E2A2A}.Release|Any CPU.ActiveCfg = Release|Any CPU
		{08DB589B-AF21-4E37-9769-F0AE8C6E2A2A}.Release|Any CPU.Build.0 = Release|Any CPU
		{4010307E-BC3E-451B-BD22-AE2530322609}.Debug|Any CPU.ActiveCfg = Debug|Any CPU
		{4010307E-BC3E-451B-BD22-AE2530322609}.Debug|Any CPU.Build.0 = Debug|Any CPU
		{4010307E-BC3E-451B-BD22-AE2530322609}.Release|Any CPU.ActiveCfg = Release|Any CPU
		{4010307E-BC3E-451B-BD22-AE2530322609}.Release|Any CPU.Build.0 = Release|Any CPU
		{A067A427-7292-4061-A672-2478FA4DC361}.Debug|Any CPU.ActiveCfg = Debug|Any CPU
		{A067A427-7292-4061-A672-2478FA4DC361}.Debug|Any CPU.Build.0 = Debug|Any CPU
		{A067A427-7292-4061-A672-2478FA4DC361}.Release|Any CPU.ActiveCfg = Release|Any CPU
		{A067A427-7292-4061-A672-2478FA4DC361}.Release|Any CPU.Build.0 = Release|Any CPU
		{541495C5-0BFF-445C-9775-FBBE58F2C7EE}.Debug|Any CPU.ActiveCfg = Debug|Any CPU
		{541495C5-0BFF-445C-9775-FBBE58F2C7EE}.Debug|Any CPU.Build.0 = Debug|Any CPU
		{541495C5-0BFF-445C-9775-FBBE58F2C7EE}.Release|Any CPU.ActiveCfg = Release|Any CPU
		{541495C5-0BFF-445C-9775-FBBE58F2C7EE}.Release|Any CPU.Build.0 = Release|Any CPU
	EndGlobalSection
	GlobalSection(SolutionProperties) = preSolution
		HideSolutionNode = FALSE
	EndGlobalSection
	GlobalSection(ExtensibilityGlobals) = postSolution
		SolutionGuid = {B3F10474-3E64-499E-8A5F-A34664D9F836}
	EndGlobalSection
	GlobalSection(NestedProjects) = preSolution
	EndGlobalSection
EndGlobal
